
Microsoft Visual Studio Solution File, Format Version 12.00
# Visual Studio Version 17
VisualStudioVersion = 17.6.33829.357
MinimumVisualStudioVersion = 10.0.40219.1
Project("{FAE04EC0-301F-11D3-BF4B-00C04F79EFBC}") = "GLBViewerAPI", "GLBViewerAPI\GLBViewerAPI.csproj", "{F5C69F6B-3C31-4C3F-B386-46039A7BEA92}"
EndProject
Global
	GlobalSection(SolutionConfigurationPlatforms) = preSolution
		Debug|Any CPU = Debug|Any CPU
		Release|Any CPU = Release|Any CPU
	EndGlobalSection
	GlobalSection(ProjectConfigurationPlatforms) = postSolution
		{F5C69F6B-3C31-4C3F-B386-46039A7BEA92}.Debug|Any CPU.ActiveCfg = Debug|Any CPU
		{F5C69F6B-3C31-4C3F-B386-46039A7BEA92}.Debug|Any CPU.Build.0 = Debug|Any CPU
		{F5C69F6B-3C31-4C3F-B386-46039A7BEA92}.Release|Any CPU.ActiveCfg = Release|Any CPU
		{F5C69F6B-3C31-4C3F-B386-46039A7BEA92}.Release|Any CPU.Build.0 = Release|Any CPU
	EndGlobalSection
	GlobalSection(SolutionProperties) = preSolution
		HideSolutionNode = FALSE
	EndGlobalSection
	GlobalSection(ExtensibilityGlobals) = postSolution
		SolutionGuid = {15C5FF9E-A501-47A3-A518-80B937DF9309}
	EndGlobalSection
EndGlobal
